{
  "version": 4,
  "terraform_version": "1.12.1",
  "serial": 15,
  "lineage": "8175a7f9-076c-0cb0-7168-7bf5798a5f56",
  "outputs": {},
  "resources": [
    {
      "mode": "managed",
      "type": "keboola-management_project",
      "name": "example",
      "provider": "provider[\"registry.terraform.io/keboola/keboola-management\"]",
      "instances": [
        {
          "schema_version": 0,
          "attributes": {
            "data_retention_time_in_days": "7",
            "default_backend": "bigquery",
            "id": "226",
            "name": "Example Project",
            "organization_id": "3",
            "type": "production"
          },
          "sensitive_attributes": [],
          "identity_schema_version": 0
        }
      ]
    }
  ],
  "check_results": null
}
